
Microsoft Visual Studio Solution File, Format Version 12.00
# Visual Studio 15
VisualStudioVersion = 15.0.26730.15
MinimumVisualStudioVersion = 10.0.40219.1
Project("{8BC9CEB8-8B4A-11D0-8D11-00A0C91BC942}") = "DangCongHao_tuan03_chuoi", "DangCongHao_tuan03_chuoi\DangCongHao_tuan03_chuoi.vcxproj", "{4C43EE13-3D05-451F-9B32-F623DC054AA0}"
EndProject
Global
	GlobalSection(SolutionConfigurationPlatforms) = preSolution
		Debug|x64 = Debug|x64
		Debug|x86 = Debug|x86
		Release|x64 = Release|x64
		Release|x86 = Release|x86
	EndGlobalSection
	GlobalSection(ProjectConfigurationPlatforms) = postSolution
		{4C43EE13-3D05-451F-9B32-F623DC054AA0}.Debug|x64.ActiveCfg = Debug|x64
		{4C43EE13-3D05-451F-9B32-F623DC054AA0}.Debug|x64.Build.0 = Debug|x64
		{4C43EE13-3D05-451F-9B32-F623DC054AA0}.Debug|x86.ActiveCfg = Debug|Win32
		{4C43EE13-3D05-451F-9B32-F623DC054AA0}.Debug|x86.Build.0 = Debug|Win32
		{4C43EE13-3D05-451F-9B32-F623DC054AA0}.Release|x64.ActiveCfg = Release|x64
		{4C43EE13-3D05-451F-9B32-F623DC054AA0}.Release|x64.Build.0 = Release|x64
		{4C43EE13-3D05-451F-9B32-F623DC054AA0}.Release|x86.ActiveCfg = Release|Win32
		{4C43EE13-3D05-451F-9B32-F623DC054AA0}.Release|x86.Build.0 = Release|Win32
	EndGlobalSection
	GlobalSection(SolutionProperties) = preSolution
		HideSolutionNode = FALSE
	EndGlobalSection
	GlobalSection(ExtensibilityGlobals) = postSolution
		SolutionGuid = {3999C7C5-71A7-4635-AA03-5B4C0345056D}
	EndGlobalSection
EndGlobal
